// !$*UTF8*$!
{
	archiveVersion = 1;
	classes = {
	};
	objectVersion = 46;
	objects = {

/* Begin PBXBuildFile section */
		98E178291EF8E9B300F13A18 /* AppDelegate.swift in Sources */ = {isa = PBXBuildFile; fileRef = 98E178281EF8E9B300F13A18 /* AppDelegate.swift */; };
		98E1782B1EF8E9B300F13A18 /* ViewController.swift in Sources */ = {isa = PBXBuildFile; fileRef = 98E1782A1EF8E9B300F13A18 /* ViewController.swift */; };
		98E178301EF8E9B300F13A18 /* Assets.xcassets in Resources */ = {isa = PBXBuildFile; fileRef = 98E1782F1EF8E9B300F13A18 /* Assets.xcassets */; };
		98E178331EF8E9B400F13A18 /* LaunchScreen.storyboard in Resources */ = {isa = PBXBuildFile; fileRef = 98E178311EF8E9B400F13A18 /* LaunchScreen.storyboard */; };
		98E1783B1EF8EB9B00F13A18 /* Pulsing.swift in Sources */ = {isa = PBXBuildFile; fileRef = 98E1783A1EF8EB9B00F13A18 /* Pulsing.swift */; };
/* End PBXBuildFile section */

/* Begin PBXFileReference section */
		98E178251EF8E9B300F13A18 /* PulseAnimationPractice.app */ = {isa = PBXFileReference; explicitFileType = wrapper.application; includeInIndex = 0; path = PulseAnimationPractice.app; sourceTree = BUILT_PRODUCTS_DIR; };
		98E178281EF8E9B300F13A18 /* AppDelegate.swift */ = {isa = PBXFileReference; lastKnownFileType = sourcecode.swift; path = AppDelegate.swift; sourceTree = "<group>"; };
		98E1782A1EF8E9B300F13A18 /* ViewController.swift */ = {isa = PBXFileReference; lastKnownFileType = sourcecode.swift; path = ViewController.swift; sourceTree = "<group>"; };
		98E1782F1EF8E9B300F13A18 /* Assets.xcassets */ = {isa = PBXFileReference; lastKnownFileType = folder.assetcatalog; path = Assets.xcassets; sourceTree = "<group>"; };
		98E178321EF8E9B400F13A18 /* Base */ = {isa = PBXFileReference; lastKnownFileType = file.storyboard; name = Base; path = Base.lproj/LaunchScreen.storyboard; sourceTree = "<group>"; };
		98E178341EF8E9B400F13A18 /* Info.plist */ = {isa = PBXFileReference; lastKnownFileType = text.plist.xml; path = Info.plist; sourceTree = "<group>"; };
		98E1783A1EF8EB9B00F13A18 /* Pulsing.swift */ = {isa = PBXFileReference; fileEncoding = 4; lastKnownFileType = sourcecode.swift; path = Pulsing.swift; sourceTree = "<group>"; };
/* End PBXFileReference section */

/* Begin PBXFrameworksBuildPhase section */
		98E178221EF8E9AD00F13A18 /* Frameworks */ = {
			isa = PBXFrameworksBuildPhase;
			buildActionMask = 2147483647;
			files = (
			);
			runOnlyForDeploymentPostprocessing = 0;
		};
/* End PBXFrameworksBuildPhase section */

/* Begin PBXGroup section */
		98E1781C1EF8E9AC00F13A18 = {
			isa = PBXGroup;
			children = (
				98E178271EF8E9B300F13A18 /* PulseAnimationPractice */,
				98E178261EF8E9B300F13A18 /* Products */,
			);
			sourceTree = "<group>";
		};
		98E178261EF8E9B300F13A18 /* Products */ = {
			isa = PBXGroup;
			children = (
				98E178251EF8E9B300F13A18 /* PulseAnimationPractice.app */,
			);
			name = Products;
			sourceTree = "<group>";
		};
		98E178271EF8E9B300F13A18 /* PulseAnimationPractice */ = {
			isa = PBXGroup;
			children = (
				98E178281EF8E9B300F13A18 /* AppDelegate.swift */,
				98E1783A1EF8EB9B00F13A18 /* Pulsing.swift */,
				98E1782A1EF8E9B300F13A18 /* ViewController.swift */,
				98E1782F1EF8E9B300F13A18 /* Assets.xcassets */,
				98E178311EF8E9B400F13A18 /* LaunchScreen.storyboard */,
				98E178341EF8E9B400F13A18 /* Info.plist */,
			);
			path = PulseAnimationPractice;
			sourceTree = "<group>";
		};
/* End PBXGroup section */

/* Begin PBXNativeTarget section */
		98E178241EF8E9AD00F13A18 /* PulseAnimationPractice */ = {
			isa = PBXNativeTarget;
			buildConfigurationList = 98E178371EF8E9B400F13A18 /* Build configuration list for PBXNativeTarget "PulseAnimationPractice" */;
			buildPhases = (
				98E178211EF8E9AD00F13A18 /* Sources */,
				98E178221EF8E9AD00F13A18 /* Frameworks */,
				98E178231EF8E9AD00F13A18 /* Resources */,
			);
			buildRules = (
			);
			dependencies = (
			);
			name = PulseAnimationPractice;
			productName = PulseAnimationPractice;
			productReference = 98E178251EF8E9B300F13A18 /* PulseAnimationPractice.app */;
			productType = "com.apple.product-type.application";
		};
/* End PBXNativeTarget section */

/* Begin PBXProject section */
		98E1781D1EF8E9AC00F13A18 /* Project object */ = {
			isa = PBXProject;
			attributes = {
				LastSwiftUpdateCheck = 0820;
				LastUpgradeCheck = 0820;
				ORGANIZATIONNAME = "Allied Infosoft";
				TargetAttributes = {
					98E178241EF8E9AD00F13A18 = {
						CreatedOnToolsVersion = 8.2.1;
						DevelopmentTeam = FJT729N93M;
						ProvisioningStyle = Automatic;
					};
				};
			};
			buildConfigurationList = 98E178201EF8E9AC00F13A18 /* Build configuration list for PBXProject "PulseAnimationPractice" */;
			compatibilityVersion = "Xcode 3.2";
			developmentRegion = English;
			hasScannedForEncodings = 0;
			knownRegions = (
				en,
				Base,
			);
			mainGroup = 98E1781C1EF8E9AC00F13A18;
			productRefGroup = 98E178261EF8E9B300F13A18 /* Products */;
			projectDirPath = "";
			projectRoot = "";
			targets = (
				98E178241EF8E9AD00F13A18 /* PulseAnimationPractice */,
			);
		};
/* End PBXProject section */

/* Begin PBXResourcesBuildPhase section */
		98E178231EF8E9AD00F13A18 /* Resources */ = {
			isa = PBXResourcesBuildPhase;
			buildActionMask = 2147483647;
			files = (
				98E178331EF8E9B400F13A18 /* LaunchScreen.storyboard in Resources */,
				98E178301EF8E9B300F13A18 /* Assets.xcassets in Resources */,
			);
			runOnlyForDeploymentPostprocessing = 0;
		};
/* End PBXResourcesBuildPhase section */

/* Begin PBXSourcesBuildPhase section */
		98E178211EF8E9AD00F13A18 /* Sources */ = {
			isa = PBXSourcesBuildPhase;
			buildActionMask = 2147483647;
			files = (
				98E1782B1EF8E9B300F13A18 /* ViewController.swift in Sources */,
				98E1783B1EF8EB9B00F13A18 /* Pulsing.swift in Sources */,
				98E178291EF8E9B300F13A18 /* AppDelegate.swift in Sources */,
			);
			runOnlyForDeploymentPostprocessing = 0;
		};
/* End PBXSourcesBuildPhase section */

/* Begin PBXVariantGroup section */
		98E178311EF8E9B400F13A18 /* LaunchScreen.storyboard */ = {
			isa = PBXVariantGroup;
			children = (
				98E178321EF8E9B400F13A18 /* Base */,
			);
			name = LaunchScreen.storyboard;
			sourceTree = "<group>";
		};
/* End PBXVariantGroup section */

/* Begin XCBuildConfiguration section */
		98E178351EF8E9B400F13A18 /* Debug */ = {
			isa = XCBuildConfiguration;
			buildSettings = {
				ALWAYS_SEARCH_USER_PATHS = NO;
				CLANG_ANALYZER_NONNULL = YES;
				CLANG_CXX_LANGUAGE_STANDARD = "gnu++0x";
				CLANG_CXX_LIBRARY = "libc++";
				CLANG_ENABLE_MODULES = YES;
				CLANG_ENABLE_OBJC_ARC = YES;
				CLANG_WARN_BOOL_CONVERSION = YES;
				CLANG_WARN_CONSTANT_CONVERSION = YES;
				CLANG_WARN_DIRECT_OBJC_ISA_USAGE = YES_ERROR;
				CLANG_WARN_DOCUMENTATION_COMMENTS = YES;
				CLANG_WARN_EMPTY_BODY = YES;
				CLANG_WARN_ENUM_CONVERSION = YES;
				CLANG_WARN_INFINITE_RECURSION = YES;
				CLANG_WARN_INT_CONVERSION = YES;
				CLANG_WARN_OBJC_ROOT_CLASS = YES_ERROR;
				CLANG_WARN_SUSPICIOUS_MOVE = YES;
				CLANG_WARN_UNREACHABLE_CODE = YES;
				CLANG_WARN__DUPLICATE_METHOD_MATCH = YES;
				"CODE_SIGN_IDENTITY[sdk=iphoneos*]" = "iPhone Developer";
				COPY_PHASE_STRIP = NO;
				DEBUG_INFORMATION_FORMAT = dwarf;
				ENABLE_STRICT_OBJC_MSGSEND = YES;
				ENABLE_TESTABILITY = YES;
				GCC_C_LANGUAGE_STANDARD = gnu99;
				GCC_DYNAMIC_NO_PIC = NO;
				GCC_NO_COMMON_BLOCKS = YES;
				GCC_OPTIMIZATION_LEVEL = 0;
				GCC_PREPROCESSOR_DEFINITIONS = (
					"DEBUG=1",
					"$(inherited)",
				);
				GCC_WARN_64_TO_32_BIT_CONVERSION = YES;
				GCC_WARN_ABOUT_RETURN_TYPE = YES_ERROR;
				GCC_WARN_UNDECLARED_SELECTOR = YES;
				GCC_WARN_UNINITIALIZED_AUTOS = YES_AGGRESSIVE;
				GCC_WARN_UNUSED_FUNCTION = YES;
				GCC_WARN_UNUSED_VARIABLE = YES;
				IPHONEOS_DEPLOYMENT_TARGET = 10.2;
				MTL_ENABLE_DEBUG_INFO = YES;
				ONLY_ACTIVE_ARCH = YES;
				SDKROOT = iphoneos;
				SWIFT_ACTIVE_COMPILATION_CONDITIONS = DEBUG;
				SWIFT_OPTIMIZATION_LEVEL = "-Onone";
			};
			name = Debug;
		};
		98E178361EF8E9B400F13A18 /* Release */ = {
			isa = XCBuildConfiguration;
			buildSettings = {
				ALWAYS_SEARCH_USER_PATHS = NO;
				CLANG_ANALYZER_NONNULL = YES;
				CLANG_CXX_LANGUAGE_STANDARD = "gnu++0x";
				CLANG_CXX_LIBRARY = "libc++";
				CLANG_ENABLE_MODULES = YES;
				CLANG_ENABLE_OBJC_ARC = YES;
				CLANG_WARN_BOOL_CONVERSION = YES;
				CLANG_WARN_CONSTANT_CONVERSION = YES;
				CLANG_WARN_DIRECT_OBJC_ISA_USAGE = YES_ERROR;
				CLANG_WARN_DOCUMENTATION_COMMENTS = YES;
				CLANG_WARN_EMPTY_BODY = YES;
				CLANG_WARN_ENUM_CONVERSION = YES;
				CLANG_WARN_INFINITE_RECURSION = YES;
				CLANG_WARN_INT_CONVERSION = YES;
				CLANG_WARN_OBJC_ROOT_CLASS = YES_ERROR;
				CLANG_WARN_SUSPICIOUS_MOVE = YES;
				CLANG_WARN_UNREACHABLE_CODE = YES;
				CLANG_WARN__DUPLICATE_METHOD_MATCH = YES;
				"CODE_SIGN_IDENTITY[sdk=iphoneos*]" = "iPhone Developer";
				COPY_PHASE_STRIP = NO;
				DEBUG_INFORMATION_FORMAT = "dwarf-with-dsym";
				ENABLE_NS_ASSERTIONS = NO;
				ENABLE_STRICT_OBJC_MSGSEND = YES;
				GCC_C_LANGUAGE_STANDARD = gnu99;
				GCC_NO_COMMON_BLOCKS = YES;
				GCC_WARN_64_TO_32_BIT_CONVERSION = YES;
				GCC_WARN_ABOUT_RETURN_TYPE = YES_ERROR;
				GCC_WARN_UNDECLARED_SELECTOR = YES;
				GCC_WARN_UNINITIALIZED_AUTOS = YES_AGGRESSIVE;
				GCC_WARN_UNUSED_FUNCTION = YES;
				GCC_WARN_UNUSED_VARIABLE = YES;
				IPHONEOS_DEPLOYMENT_TARGET = 10.2;
				MTL_ENABLE_DEBUG_INFO = NO;
				SDKROOT = iphoneos;
				SWIFT_OPTIMIZATION_LEVEL = "-Owholemodule";
				VALIDATE_PRODUCT = YES;
			};
			name = Release;
		};
		98E178381EF8E9B400F13A18 /* Debug */ = {
			isa = XCBuildConfiguration;
			buildSettings = {
				ASSETCATALOG_COMPILER_APPICON_NAME = AppIcon;
				DEVELOPMENT_TEAM = FJT729N93M;
				INFOPLIST_FILE = PulseAnimationPractice/Info.plist;
				LD_RUNPATH_SEARCH_PATHS = "$(inherited) @executable_path/Frameworks";
				PRODUCT_BUNDLE_IDENTIFIER = com.alliedinfosoft.PulseAnimationPractice;
				PRODUCT_NAME = "$(TARGET_NAME)";
				SWIFT_VERSION = 3.0;
			};
			name = Debug;
		};
		98E178391EF8E9B400F13A18 /* Release */ = {
			isa = XCBuildConfiguration;
			buildSettings = {
				ASSETCATALOG_COMPILER_APPICON_NAME = AppIcon;
				DEVELOPMENT_TEAM = FJT729N93M;
				INFOPLIST_FILE = PulseAnimationPractice/Info.plist;
				LD_RUNPATH_SEARCH_PATHS = "$(inherited) @executable_path/Frameworks";
				PRODUCT_BUNDLE_IDENTIFIER = com.alliedinfosoft.PulseAnimationPractice;
				PRODUCT_NAME = "$(TARGET_NAME)";
				SWIFT_VERSION = 3.0;
			};
			name = Release;
		};
/* End XCBuildConfiguration section */

/* Begin XCConfigurationList section */
		98E178201EF8E9AC00F13A18 /* Build configuration list for PBXProject "PulseAnimationPractice" */ = {
			isa = XCConfigurationList;
			buildConfigurations = (
				98E178351EF8E9B400F13A18 /* Debug */,
				98E178361EF8E9B400F13A18 /* Release */,
			);
			defaultConfigurationIsVisible = 0;
			defaultConfigurationName = Release;
		};
		98E178371EF8E9B400F13A18 /* Build configuration list for PBXNativeTarget "PulseAnimationPractice" */ = {
			isa = XCConfigurationList;
			buildConfigurations = (
				98E178381EF8E9B400F13A18 /* Debug */,
				98E178391EF8E9B400F13A18 /* Release */,
			);
			defaultConfigurationIsVisible = 0;
		};
/* End XCConfigurationList section */
	};
	rootObject = 98E1781D1EF8E9AC00F13A18 /* Project object */;
}
